PODS:
  - Reblaze (1.8.1)

DEPENDENCIES:
  - Reblaze (from `https://bitbucket.org/reblaze/mobilesdk`, branch `develop`)

EXTERNAL SOURCES:
  Reblaze:
    :branch: develop
    :git: https://bitbucket.org/reblaze/mobilesdk

CHECKOUT OPTIONS:
  Reblaze:
    :commit: 923235bf57d661ada3157008dd5ffc007e919a67
    :git: https://bitbucket.org/reblaze/mobilesdk

SPEC CHECKSUMS:
  Reblaze: 454952da9bf33b5617cf573c692032675be72bbe

PODFILE CHECKSUM: 2768138017c021f93a6e15c32610f441fa8a045e

COCOAPODS: 1.9.3
