PODS:
  - Reblaze (1.7.2)

DEPENDENCIES:
  - Reblaze (from `https://bitbucket.org/reblaze/mobilesdk`)

EXTERNAL SOURCES:
  Reblaze:
    :git: https://bitbucket.org/reblaze/mobilesdk

CHECKOUT OPTIONS:
  Reblaze:
    :commit: b03f0bebe24064f705ecf1e5eb3574f6e895f479
    :git: https://bitbucket.org/reblaze/mobilesdk

SPEC CHECKSUMS:
  Reblaze: 7d8be4c0c76862841c2e49f8ef103a94b38f09d2

PODFILE CHECKSUM: 1b1ecf2a86121c3d22ab84b623f1b8f46c3f5b68

COCOAPODS: 1.9.3
